{
  "name": "cloudflare-functions-demo",
  "lockfileVersion": 2,
  "requires": true,
  "packages": {
    "": {
      "dependencies": {
        "@cloudflare/pages-plugin-graphql": "^1.0.2"
      }
    },
    "node_modules/@cloudflare/pages-plugin-graphql": {
      "version": "1.0.2",
      "resolved": "https://registry.npmjs.org/@cloudflare/pages-plugin-graphql/-/pages-plugin-graphql-1.0.2.tgz",
      "integrity": "sha512-5mO+YczGiwyxekaX0YEH4OjbbiLiHn2AxFC7RcK1I8glQSB45ZaiK1hZ32lV20z0anbTR8IxG40/XVqxwFBVCw=="
    }
  },
  "dependencies": {
    "@cloudflare/pages-plugin-graphql": {
      "version": "1.0.2",
      "resolved": "https://registry.npmjs.org/@cloudflare/pages-plugin-graphql/-/pages-plugin-graphql-1.0.2.tgz",
      "integrity": "sha512-5mO+YczGiwyxekaX0YEH4OjbbiLiHn2AxFC7RcK1I8glQSB45ZaiK1hZ32lV20z0anbTR8IxG40/XVqxwFBVCw=="
    }
  }
}
